
Microsoft Visual Studio Solution File, Format Version 10.00
# Visual Studio 2008
Project("{F184B08F-C81C-45F6-A57F-5ABD9991F28F}") = "calculator", "calculator\calculator.vbproj", "{87B9BD4D-61D7-491C-B406-E7168998024F}"
EndProject
Global
	GlobalSection(SolutionConfigurationPlatforms) = preSolution
		Debug|Any CPU = Debug|Any CPU
		Release|Any CPU = Release|Any CPU
	EndGlobalSection
	GlobalSection(ProjectConfigurationPlatforms) = postSolution
		{87B9BD4D-61D7-491C-B406-E7168998024F}.Debug|Any CPU.ActiveCfg = Debug|Any CPU
		{87B9BD4D-61D7-491C-B406-E7168998024F}.Debug|Any CPU.Build.0 = Debug|Any CPU
		{87B9BD4D-61D7-491C-B406-E7168998024F}.Release|Any CPU.ActiveCfg = Release|Any CPU
		{87B9BD4D-61D7-491C-B406-E7168998024F}.Release|Any CPU.Build.0 = Release|Any CPU
	EndGlobalSection
	GlobalSection(SolutionProperties) = preSolution
		HideSolutionNode = FALSE
	EndGlobalSection
EndGlobal
